// !$*UTF8*$!
{
archiveVersion = 1;
classes = {
};
objectVersion = 56;
objects = {

/* Begin PBXBuildFile section */
24B1E4172B1ED1E200D9D1A8 /* BonfireApp.swift in Sources */ = {isa = PBXBuildFile; fileRef = 24B1E4202B1ED1E200D9D1A8 /* BonfireApp.swift */; };
24B1E4182B1ED1E200D9D1A8 /* RootTabView.swift in Sources */ = {isa = PBXBuildFile; fileRef = 24B1E4212B1ED1E200D9D1A8 /* RootTabView.swift */; };
24B1E4192B1ED1E200D9D1A8 /* LaunchScreen.storyboard in Resources */ = {isa = PBXBuildFile; fileRef = 24B1E4242B1ED1E200D9D1A8 /* LaunchScreen.storyboard */; };
24B1E41A2B1ED1E200D9D1A8 /* Assets.xcassets in Resources */ = {isa = PBXBuildFile; fileRef = 24B1E4232B1ED1E200D9D1A8 /* Assets.xcassets */; };
24B1E41B2B1ED1E200D9D1A8 /* Localizable.strings in Resources */ = {isa = PBXBuildFile; fileRef = 24B1E4282B1ED1E200D9D1A8 /* Localizable.strings */; };
9E6AA76793C74F82B8E410D7 /* DesignSystemColors.swift in Sources */ = {isa = PBXBuildFile; fileRef = 2DCFAB9F89AF4057A7F3C9D6 /* DesignSystemColors.swift */; };
3831F7C553634EBCB8E1A799 /* DesignSystemTypography.swift in Sources */ = {isa = PBXBuildFile; fileRef = A727108EB6FE4230A8AD675D /* DesignSystemTypography.swift */; };
F76697C4C2204146A85D8DBC /* DesignSystemSpacing.swift in Sources */ = {isa = PBXBuildFile; fileRef = 35D4D020C8C3462C8D290ACA /* DesignSystemSpacing.swift */; };
41B49056DF10409DA3EBFB0B /* DesignSystemCorners.swift in Sources */ = {isa = PBXBuildFile; fileRef = E27E89ECE96D4BCB921D923D /* DesignSystemCorners.swift */; };
6C9044C144E844FE804FA00F /* DesignSystemTextures.swift in Sources */ = {isa = PBXBuildFile; fileRef = 1BB861349D224469A8F68B9E /* DesignSystemTextures.swift */; };
CD1399DE866B4DE78DFD9FFE /* DesignSystemDemoView.swift in Sources */ = {isa = PBXBuildFile; fileRef = D7985B135AE74DCFAF5788BC /* DesignSystemDemoView.swift */; };
A1E95B6B65A544A2B5B0D4F1 /* DesignSystemVisualShells.swift in Sources */ = {isa = PBXBuildFile; fileRef = 4D53F3158A1B4C73A4E4F4BA /* DesignSystemVisualShells.swift */; };
/* End PBXBuildFile section */

/* Begin PBXFileReference section */
24B1E4162B1ED1E200D9D1A8 /* Bonfire.app */ = {isa = PBXFileReference; explicitFileType = wrapper.application; includeInIndex = 0; path = Bonfire.app; sourceTree = BUILT_PRODUCTS_DIR; };
24B1E4202B1ED1E200D9D1A8 /* BonfireApp.swift */ = {isa = PBXFileReference; lastKnownFileType = sourcecode.swift; path = BonfireApp.swift; sourceTree = "<group>"; };
24B1E4212B1ED1E200D9D1A8 /* RootTabView.swift */ = {isa = PBXFileReference; lastKnownFileType = sourcecode.swift; path = RootTabView.swift; sourceTree = "<group>"; };
24B1E4222B1ED1E200D9D1A8 /* Info.plist */ = {isa = PBXFileReference; lastKnownFileType = text.plist.xml; path = Info.plist; sourceTree = "<group>"; };
24B1E4232B1ED1E200D9D1A8 /* Assets.xcassets */ = {isa = PBXFileReference; lastKnownFileType = folder.assetcatalog; path = Assets.xcassets; sourceTree = "<group>"; };
24B1E4242B1ED1E200D9D1A8 /* LaunchScreen.storyboard */ = {isa = PBXFileReference; lastKnownFileType = file.storyboard; name = LaunchScreen.storyboard; path = Base.lproj/LaunchScreen.storyboard; sourceTree = "<group>"; };
24B1E4252B1ED1E200D9D1A8 /* Base */ = {isa = PBXFileReference; lastKnownFileType = text.plist.strings; name = Base; path = Base.lproj/Localizable.strings; sourceTree = "<group>"; };
24B1E4262B1ED1E200D9D1A8 /* vi */ = {isa = PBXFileReference; lastKnownFileType = text.plist.strings; name = vi; path = vi.lproj/Localizable.strings; sourceTree = "<group>"; };
24B1E4272B1ED1E200D9D1A8 /* Bonfire.entitlements */ = {isa = PBXFileReference; lastKnownFileType = text.plist.entitlements; path = Bonfire.entitlements; sourceTree = "<group>"; };
24B1E42A2B1ED1E200D9D1A8 /* Preview Assets.xcassets */ = {isa = PBXFileReference; lastKnownFileType = folder.assetcatalog; path = "Preview Assets.xcassets"; sourceTree = "<group>"; };
24B1E4302B1ED1E200D9D1A8 /* .gitkeep */ = {isa = PBXFileReference; lastKnownFileType = text; path = .gitkeep; sourceTree = "<group>"; };
24B1E4312B1ED1E200D9D1A8 /* .gitkeep */ = {isa = PBXFileReference; lastKnownFileType = text; path = .gitkeep; sourceTree = "<group>"; };
24B1E4322B1ED1E200D9D1A8 /* .gitkeep */ = {isa = PBXFileReference; lastKnownFileType = text; path = .gitkeep; sourceTree = "<group>"; };
24B1E4332B1ED1E200D9D1A8 /* .gitkeep */ = {isa = PBXFileReference; lastKnownFileType = text; path = .gitkeep; sourceTree = "<group>"; };
24B1E4342B1ED1E200D9D1A8 /* .gitkeep */ = {isa = PBXFileReference; lastKnownFileType = text; path = .gitkeep; sourceTree = "<group>"; };
24B1E4352B1ED1E200D9D1A8 /* .gitkeep */ = {isa = PBXFileReference; lastKnownFileType = text; path = .gitkeep; sourceTree = "<group>"; };
24B1E4362B1ED1E200D9D1A8 /* .gitkeep */ = {isa = PBXFileReference; lastKnownFileType = text; path = .gitkeep; sourceTree = "<group>"; };
24B1E4372B1ED1E200D9D1A8 /* .gitkeep */ = {isa = PBXFileReference; lastKnownFileType = text; path = .gitkeep; sourceTree = "<group>"; };
24B1E4382B1ED1E200D9D1A8 /* .gitkeep */ = {isa = PBXFileReference; lastKnownFileType = text; path = .gitkeep; sourceTree = "<group>"; };
24B1E4392B1ED1E200D9D1A8 /* .gitkeep */ = {isa = PBXFileReference; lastKnownFileType = text; path = .gitkeep; sourceTree = "<group>"; };
24B1E43A2B1ED1E200D9D1A8 /* .gitkeep */ = {isa = PBXFileReference; lastKnownFileType = text; path = .gitkeep; sourceTree = "<group>"; };
24B1E43B2B1ED1E200D9D1A8 /* .gitkeep */ = {isa = PBXFileReference; lastKnownFileType = text; path = .gitkeep; sourceTree = "<group>"; };
2DCFAB9F89AF4057A7F3C9D6 /* DesignSystemColors.swift */ = {isa = PBXFileReference; lastKnownFileType = sourcecode.swift; path = DesignSystemColors.swift; sourceTree = "<group>"; };
A727108EB6FE4230A8AD675D /* DesignSystemTypography.swift */ = {isa = PBXFileReference; lastKnownFileType = sourcecode.swift; path = DesignSystemTypography.swift; sourceTree = "<group>"; };
35D4D020C8C3462C8D290ACA /* DesignSystemSpacing.swift */ = {isa = PBXFileReference; lastKnownFileType = sourcecode.swift; path = DesignSystemSpacing.swift; sourceTree = "<group>"; };
E27E89ECE96D4BCB921D923D /* DesignSystemCorners.swift */ = {isa = PBXFileReference; lastKnownFileType = sourcecode.swift; path = DesignSystemCorners.swift; sourceTree = "<group>"; };
1BB861349D224469A8F68B9E /* DesignSystemTextures.swift */ = {isa = PBXFileReference; lastKnownFileType = sourcecode.swift; path = DesignSystemTextures.swift; sourceTree = "<group>"; };
D7985B135AE74DCFAF5788BC /* DesignSystemDemoView.swift */ = {isa = PBXFileReference; lastKnownFileType = sourcecode.swift; path = DesignSystemDemoView.swift; sourceTree = "<group>"; };
4D53F3158A1B4C73A4E4F4BA /* DesignSystemVisualShells.swift */ = {isa = PBXFileReference; lastKnownFileType = sourcecode.swift; path = Components/DesignSystemVisualShells.swift; sourceTree = "<group>"; };
/* End PBXFileReference section */

/* Begin PBXFrameworksBuildPhase section */
24B1E4142B1ED1E200D9D1A8 /* Frameworks */ = {
isa = PBXFrameworksBuildPhase;
buildActionMask = 2147483647;
files = (
);
runOnlyForDeploymentPostprocessing = 0;
};
/* End PBXFrameworksBuildPhase section */

/* Begin PBXGroup section */
24B1E4012B1ED1E200D9D1A8 = {
isa = PBXGroup;
children = (
24B1E4022B1ED1E200D9D1A8 /* Bonfire */,
24B1E4102B1ED1E200D9D1A8 /* Products */,
24B1E4112B1ED1E200D9D1A8 /* Frameworks */,
);
sourceTree = "<group>";
};
24B1E4022B1ED1E200D9D1A8 /* Bonfire */ = {
isa = PBXGroup;
children = (
24B1E4032B1ED1E200D9D1A8 /* AppShell */,
24B1E4042B1ED1E200D9D1A8 /* DesignSystem */,
24B1E4052B1ED1E200D9D1A8 /* Reader */,
24B1E4062B1ED1E200D9D1A8 /* Audio */,
24B1E4072B1ED1E200D9D1A8 /* Vocab */,
24B1E4082B1ED1E200D9D1A8 /* Achievements */,
24B1E4092B1ED1E200D9D1A8 /* Cloud */,
24B1E40A2B1ED1E200D9D1A8 /* Storage */,
24B1E40B2B1ED1E200D9D1A8 /* Dictionary */,
24B1E40C2B1ED1E200D9D1A8 /* Analytics */,
24B1E40D2B1ED1E200D9D1A8 /* Utilities */,
24B1E40E2B1ED1E200D9D1A8 /* DevTools */,
24B1E4232B1ED1E200D9D1A8 /* Assets.xcassets */,
24B1E4242B1ED1E200D9D1A8 /* LaunchScreen.storyboard */,
24B1E4282B1ED1E200D9D1A8 /* Localizable.strings */,
24B1E4272B1ED1E200D9D1A8 /* Bonfire.entitlements */,
24B1E4222B1ED1E200D9D1A8 /* Info.plist */,
24B1E4292B1ED1E200D9D1A8 /* Preview Content */,
);
path = Bonfire;
sourceTree = SOURCE_ROOT;
};
24B1E4032B1ED1E200D9D1A8 /* AppShell */ = {
isa = PBXGroup;
children = (
24B1E4202B1ED1E200D9D1A8 /* BonfireApp.swift */,
24B1E4212B1ED1E200D9D1A8 /* RootTabView.swift */,
);
path = AppShell;
sourceTree = "<group>";
};
24B1E4042B1ED1E200D9D1A8 /* DesignSystem */ = {
isa = PBXGroup;
children = (
2DCFAB9F89AF4057A7F3C9D6 /* DesignSystemColors.swift */,
A727108EB6FE4230A8AD675D /* DesignSystemTypography.swift */,
35D4D020C8C3462C8D290ACA /* DesignSystemSpacing.swift */,
E27E89ECE96D4BCB921D923D /* DesignSystemCorners.swift */,
1BB861349D224469A8F68B9E /* DesignSystemTextures.swift */,
B9EAA0213E9841C8B4D6CC7E /* Components */,
24B1E4302B1ED1E200D9D1A8 /* .gitkeep */,
);
path = DesignSystem;
sourceTree = "<group>";
};
B9EAA0213E9841C8B4D6CC7E /* Components */ = {
isa = PBXGroup;
children = (
4D53F3158A1B4C73A4E4F4BA /* DesignSystemVisualShells.swift */,
);
path = Components;
sourceTree = "<group>";
};
24B1E4052B1ED1E200D9D1A8 /* Reader */ = {
isa = PBXGroup;
children = (
24B1E4312B1ED1E200D9D1A8 /* .gitkeep */,
);
path = Reader;
sourceTree = "<group>";
};
24B1E4062B1ED1E200D9D1A8 /* Audio */ = {
isa = PBXGroup;
children = (
24B1E4322B1ED1E200D9D1A8 /* .gitkeep */,
);
path = Audio;
sourceTree = "<group>";
};
24B1E4072B1ED1E200D9D1A8 /* Vocab */ = {
isa = PBXGroup;
children = (
24B1E4332B1ED1E200D9D1A8 /* .gitkeep */,
);
path = Vocab;
sourceTree = "<group>";
};
24B1E4082B1ED1E200D9D1A8 /* Achievements */ = {
isa = PBXGroup;
children = (
24B1E4342B1ED1E200D9D1A8 /* .gitkeep */,
);
path = Achievements;
sourceTree = "<group>";
};
24B1E4092B1ED1E200D9D1A8 /* Cloud */ = {
isa = PBXGroup;
children = (
24B1E4352B1ED1E200D9D1A8 /* .gitkeep */,
);
path = Cloud;
sourceTree = "<group>";
};
24B1E40A2B1ED1E200D9D1A8 /* Storage */ = {
isa = PBXGroup;
children = (
24B1E4362B1ED1E200D9D1A8 /* .gitkeep */,
);
path = Storage;
sourceTree = "<group>";
};
24B1E40B2B1ED1E200D9D1A8 /* Dictionary */ = {
isa = PBXGroup;
children = (
24B1E4372B1ED1E200D9D1A8 /* .gitkeep */,
);
path = Dictionary;
sourceTree = "<group>";
};
24B1E40C2B1ED1E200D9D1A8 /* Analytics */ = {
isa = PBXGroup;
children = (
24B1E4382B1ED1E200D9D1A8 /* .gitkeep */,
);
path = Analytics;
sourceTree = "<group>";
};
24B1E40D2B1ED1E200D9D1A8 /* Utilities */ = {
isa = PBXGroup;
children = (
24B1E4392B1ED1E200D9D1A8 /* .gitkeep */,
);
path = Utilities;
sourceTree = "<group>";
};
24B1E40E2B1ED1E200D9D1A8 /* DevTools */ = {
isa = PBXGroup;
children = (
D7985B135AE74DCFAF5788BC /* DesignSystemDemoView.swift */,
24B1E43A2B1ED1E200D9D1A8 /* .gitkeep */,
);
path = DevTools;
sourceTree = "<group>";
};
24B1E4292B1ED1E200D9D1A8 /* Preview Content */ = {
isa = PBXGroup;
children = (
24B1E42A2B1ED1E200D9D1A8 /* Preview Assets.xcassets */,
);
path = "Preview Content";
sourceTree = "<group>";
};
24B1E4102B1ED1E200D9D1A8 /* Products */ = {
isa = PBXGroup;
children = (
24B1E4162B1ED1E200D9D1A8 /* Bonfire.app */,
);
sourceTree = "<group>";
};
24B1E4112B1ED1E200D9D1A8 /* Frameworks */ = {
isa = PBXGroup;
children = (
);
sourceTree = "<group>";
};
/* End PBXGroup section */

/* Begin PBXNativeTarget section */
24B1E4122B1ED1E200D9D1A8 /* Bonfire */ = {
isa = PBXNativeTarget;
buildConfigurationList = 24B1E4452B1ED1E200D9D1A8 /* Build configuration list for PBXNativeTarget "Bonfire" */;
buildPhases = (
24B1E4132B1ED1E200D9D1A8 /* Sources */,
24B1E4142B1ED1E200D9D1A8 /* Frameworks */,
24B1E4152B1ED1E200D9D1A8 /* Resources */,
);
buildRules = (
);
dependencies = (
);
name = Bonfire;
productName = Bonfire;
productReference = 24B1E4162B1ED1E200D9D1A8 /* Bonfire.app */;
productType = "com.apple.product-type.application";
};
/* End PBXNativeTarget section */

/* Begin PBXProject section */
24B1E4002B1ED1E200D9D1A8 /* Project object */ = {
isa = PBXProject;
attributes = {
BuildIndependentTargetsInParallel = YES;
LastSwiftUpdateCheck = 1500;
LastUpgradeCheck = 1500;
TargetAttributes = {
24B1E4122B1ED1E200D9D1A8 = {
CreatedOnToolsVersion = 15.0;
DevelopmentTeam = 59Q6X62P3A;
ProvisioningStyle = Automatic;
};
};
};
buildConfigurationList = 24B1E4442B1ED1E200D9D1A8 /* Build configuration list for PBXProject "Bonfire" */;
compatibilityVersion = "Xcode 14.0";
developmentRegion = en;
hasScannedForEncodings = 0;
knownRegions = (
en,
Base,
vi,
);
mainGroup = 24B1E4012B1ED1E200D9D1A8;
productRefGroup = 24B1E4102B1ED1E200D9D1A8 /* Products */;
projectDirPath = "";
projectRoot = "";
targets = (
24B1E4122B1ED1E200D9D1A8 /* Bonfire */,
);
};
/* End PBXProject section */

/* Begin PBXResourcesBuildPhase section */
24B1E4152B1ED1E200D9D1A8 /* Resources */ = {
isa = PBXResourcesBuildPhase;
buildActionMask = 2147483647;
files = (
24B1E4192B1ED1E200D9D1A8 /* LaunchScreen.storyboard in Resources */,
24B1E41A2B1ED1E200D9D1A8 /* Assets.xcassets in Resources */,
24B1E41B2B1ED1E200D9D1A8 /* Localizable.strings in Resources */,
);
runOnlyForDeploymentPostprocessing = 0;
};
/* End PBXResourcesBuildPhase section */

/* Begin PBXSourcesBuildPhase section */
24B1E4132B1ED1E200D9D1A8 /* Sources */ = {
isa = PBXSourcesBuildPhase;
buildActionMask = 2147483647;
files = (
9E6AA76793C74F82B8E410D7 /* DesignSystemColors.swift in Sources */,
3831F7C553634EBCB8E1A799 /* DesignSystemTypography.swift in Sources */,
F76697C4C2204146A85D8DBC /* DesignSystemSpacing.swift in Sources */,
41B49056DF10409DA3EBFB0B /* DesignSystemCorners.swift in Sources */,
6C9044C144E844FE804FA00F /* DesignSystemTextures.swift in Sources */,
CD1399DE866B4DE78DFD9FFE /* DesignSystemDemoView.swift in Sources */,
A1E95B6B65A544A2B5B0D4F1 /* DesignSystemVisualShells.swift in Sources */,
24B1E4182B1ED1E200D9D1A8 /* RootTabView.swift in Sources */,
24B1E4172B1ED1E200D9D1A8 /* BonfireApp.swift in Sources */,
);
runOnlyForDeploymentPostprocessing = 0;
};
/* End PBXSourcesBuildPhase section */

/* Begin PBXVariantGroup section */
24B1E4282B1ED1E200D9D1A8 /* Localizable.strings */ = {
isa = PBXVariantGroup;
children = (
24B1E4252B1ED1E200D9D1A8 /* Base */,
24B1E4262B1ED1E200D9D1A8 /* vi */,
);
name = Localizable.strings;
sourceTree = "<group>";
};
/* End PBXVariantGroup section */

/* Begin XCBuildConfiguration section */
24B1E4402B1ED1E200D9D1A8 /* Debug */ = {
isa = XCBuildConfiguration;
buildSettings = {
ALWAYS_SEARCH_USER_PATHS = NO;
CLANG_ANALYZER_NONNULL = YES;
CLANG_ANALYZER_NUMBER_OBJECT_CONVERSION = YES_AGGRESSIVE;
CLANG_CXX_LANGUAGE_STANDARD = "gnu++20";
CLANG_ENABLE_MODULES = YES;
CLANG_ENABLE_OBJC_ARC = YES;
CLANG_WARN_BLOCK_CAPTURE_AUTORELEASING = YES;
CLANG_WARN_BOOL_CONVERSION = YES;
CLANG_WARN_COMMA = YES;
CLANG_WARN_CONSTANT_CONVERSION = YES;
CLANG_WARN_DEPRECATED_OBJC_IMPLEMENTATIONS = YES;
CLANG_WARN_DIRECT_OBJC_ISA_USAGE = YES_ERROR;
CLANG_WARN_DOCUMENTATION_COMMENTS = YES;
CLANG_WARN_EMPTY_BODY = YES;
CLANG_WARN_ENUM_CONVERSION = YES;
CLANG_WARN_INFINITE_RECURSION = YES;
CLANG_WARN_INT_CONVERSION = YES;
CLANG_WARN_NON_LITERAL_NULL_CONVERSION = YES;
CLANG_WARN_OBJC_LITERAL_CONVERSION = YES;
CLANG_WARN_OBJC_ROOT_CLASS = YES_ERROR;
CLANG_WARN_QUOTED_INCLUDE_IN_FRAMEWORK_HEADER = YES;
CLANG_WARN_RANGE_LOOP_ANALYSIS = YES;
CLANG_WARN_STRICT_PROTOTYPES = YES;
CLANG_WARN_SUSPICIOUS_MOVE = YES;
CLANG_WARN_UNGUARDED_AVAILABILITY = YES_AGGRESSIVE;
CODE_SIGN_STYLE = Automatic;
COPY_PHASE_STRIP = NO;
DEBUG_INFORMATION_FORMAT = dwarf;
ENABLE_STRICT_OBJC_MSGSEND = YES;
ENABLE_TESTABILITY = YES;
GCC_C_LANGUAGE_STANDARD = gnu11;
GCC_DYNAMIC_NO_PIC = NO;
GCC_NO_COMMON_BLOCKS = YES;
GCC_OPTIMIZATION_LEVEL = 0;
GCC_PREPROCESSOR_DEFINITIONS = (
"DEBUG=1",
"$(inherited)",
);
GCC_WARN_64_TO_32_BIT_CONVERSION = YES;
GCC_WARN_ABOUT_RETURN_TYPE = YES_ERROR;
GCC_WARN_UNDECLARED_SELECTOR = YES;
GCC_WARN_UNINITIALIZED_AUTOS = YES_AGGRESSIVE;
GCC_WARN_UNUSED_FUNCTION = YES;
GCC_WARN_UNUSED_VARIABLE = YES;
IPHONEOS_DEPLOYMENT_TARGET = 16.4;
LD_RUNPATH_SEARCH_PATHS = (
"$(inherited)",
"@executable_path/Frameworks",
);
MTL_ENABLE_DEBUG_INFO = INCLUDE_SOURCE;
MTL_FAST_MATH = YES;
ONLY_ACTIVE_ARCH = YES;
SDKROOT = iphoneos;
SUPPORTED_PLATFORMS = "iphonesimulator iphoneos";
SWIFT_ACTIVE_COMPILATION_CONDITIONS = DEBUG;
SWIFT_OPTIMIZATION_LEVEL = "-Onone";
SWIFT_VERSION = 5.0;
TARGETED_DEVICE_FAMILY = "1,2";
};
name = Debug;
};
24B1E4412B1ED1E200D9D1A8 /* Release */ = {
isa = XCBuildConfiguration;
buildSettings = {
ALWAYS_SEARCH_USER_PATHS = NO;
CLANG_ANALYZER_NONNULL = YES;
CLANG_ANALYZER_NUMBER_OBJECT_CONVERSION = YES_AGGRESSIVE;
CLANG_CXX_LANGUAGE_STANDARD = "gnu++20";
CLANG_ENABLE_MODULES = YES;
CLANG_ENABLE_OBJC_ARC = YES;
CLANG_WARN_BLOCK_CAPTURE_AUTORELEASING = YES;
CLANG_WARN_BOOL_CONVERSION = YES;
CLANG_WARN_COMMA = YES;
CLANG_WARN_CONSTANT_CONVERSION = YES;
CLANG_WARN_DEPRECATED_OBJC_IMPLEMENTATIONS = YES;
CLANG_WARN_DIRECT_OBJC_ISA_USAGE = YES_ERROR;
CLANG_WARN_DOCUMENTATION_COMMENTS = YES;
CLANG_WARN_EMPTY_BODY = YES;
CLANG_WARN_ENUM_CONVERSION = YES;
CLANG_WARN_INFINITE_RECURSION = YES;
CLANG_WARN_INT_CONVERSION = YES;
CLANG_WARN_NON_LITERAL_NULL_CONVERSION = YES;
CLANG_WARN_OBJC_LITERAL_CONVERSION = YES;
CLANG_WARN_OBJC_ROOT_CLASS = YES_ERROR;
CLANG_WARN_QUOTED_INCLUDE_IN_FRAMEWORK_HEADER = YES;
CLANG_WARN_RANGE_LOOP_ANALYSIS = YES;
CLANG_WARN_STRICT_PROTOTYPES = YES;
CLANG_WARN_SUSPICIOUS_MOVE = YES;
CLANG_WARN_UNGUARDED_AVAILABILITY = YES_AGGRESSIVE;
CODE_SIGN_STYLE = Automatic;
COPY_PHASE_STRIP = NO;
DEBUG_INFORMATION_FORMAT = "dwarf-with-dsym";
ENABLE_NS_ASSERTIONS = NO;
ENABLE_STRICT_OBJC_MSGSEND = YES;
GCC_C_LANGUAGE_STANDARD = gnu11;
GCC_NO_COMMON_BLOCKS = YES;
GCC_WARN_64_TO_32_BIT_CONVERSION = YES;
GCC_WARN_ABOUT_RETURN_TYPE = YES_ERROR;
GCC_WARN_UNDECLARED_SELECTOR = YES;
GCC_WARN_UNINITIALIZED_AUTOS = YES_AGGRESSIVE;
GCC_WARN_UNUSED_FUNCTION = YES;
GCC_WARN_UNUSED_VARIABLE = YES;
IPHONEOS_DEPLOYMENT_TARGET = 16.4;
LD_RUNPATH_SEARCH_PATHS = (
"$(inherited)",
"@executable_path/Frameworks",
);
MTL_ENABLE_DEBUG_INFO = NO;
MTL_FAST_MATH = YES;
SDKROOT = iphoneos;
SUPPORTED_PLATFORMS = "iphonesimulator iphoneos";
SWIFT_COMPILATION_MODE = wholemodule;
SWIFT_OPTIMIZATION_LEVEL = "-O";
SWIFT_VERSION = 5.0;
TARGETED_DEVICE_FAMILY = "1,2";
VALIDATE_PRODUCT = YES;
};
name = Release;
};
24B1E4422B1ED1E200D9D1A8 /* Debug */ = {
isa = XCBuildConfiguration;
buildSettings = {
ASSETCATALOG_COMPILER_APPICON_NAME = AppIcon;
ASSETCATALOG_COMPILER_GLOBAL_ACCENT_COLOR_NAME = AccentColor;
CODE_SIGN_ENTITLEMENTS = Bonfire/Bonfire.entitlements;
CODE_SIGN_STYLE = Automatic;
CURRENT_PROJECT_VERSION = 1;
DEVELOPMENT_ASSET_PATHS = "Bonfire/Preview Content";
DEVELOPMENT_TEAM = 59Q6X62P3A;
ENABLE_PREVIEWS = YES;
GENERATE_INFOPLIST_FILE = NO;
INFOPLIST_FILE = Bonfire/Info.plist;
IPHONEOS_DEPLOYMENT_TARGET = 16.4;
LD_RUNPATH_SEARCH_PATHS = (
"$(inherited)",
"@executable_path/Frameworks",
);
MARKETING_VERSION = 1.0;
PRODUCT_BUNDLE_IDENTIFIER = com.bon.bonfire;
PRODUCT_NAME = "$(TARGET_NAME)";
PROVISIONING_PROFILE_SPECIFIER = "";
SWIFT_EMIT_LOC_STRINGS = YES;
SWIFT_VERSION = 5.0;
TARGETED_DEVICE_FAMILY = "1,2";
};
name = Debug;
};
24B1E4432B1ED1E200D9D1A8 /* Release */ = {
isa = XCBuildConfiguration;
buildSettings = {
ASSETCATALOG_COMPILER_APPICON_NAME = AppIcon;
ASSETCATALOG_COMPILER_GLOBAL_ACCENT_COLOR_NAME = AccentColor;
CODE_SIGN_ENTITLEMENTS = Bonfire/Bonfire.entitlements;
CODE_SIGN_STYLE = Automatic;
CURRENT_PROJECT_VERSION = 1;
DEVELOPMENT_ASSET_PATHS = "Bonfire/Preview Content";
DEVELOPMENT_TEAM = 59Q6X62P3A;
ENABLE_PREVIEWS = YES;
GENERATE_INFOPLIST_FILE = NO;
INFOPLIST_FILE = Bonfire/Info.plist;
IPHONEOS_DEPLOYMENT_TARGET = 16.4;
LD_RUNPATH_SEARCH_PATHS = (
"$(inherited)",
"@executable_path/Frameworks",
);
MARKETING_VERSION = 1.0;
PRODUCT_BUNDLE_IDENTIFIER = com.bon.bonfire;
PRODUCT_NAME = "$(TARGET_NAME)";
PROVISIONING_PROFILE_SPECIFIER = "";
SWIFT_EMIT_LOC_STRINGS = YES;
SWIFT_VERSION = 5.0;
TARGETED_DEVICE_FAMILY = "1,2";
};
name = Release;
};
/* End XCBuildConfiguration section */

/* Begin XCConfigurationList section */
24B1E4442B1ED1E200D9D1A8 /* Build configuration list for PBXProject "Bonfire" */ = {
isa = XCConfigurationList;
buildConfigurations = (
24B1E4402B1ED1E200D9D1A8 /* Debug */,
24B1E4412B1ED1E200D9D1A8 /* Release */,
);
defaultConfigurationIsVisible = 0;
defaultConfigurationName = Release;
};
24B1E4452B1ED1E200D9D1A8 /* Build configuration list for PBXNativeTarget "Bonfire" */ = {
isa = XCConfigurationList;
buildConfigurations = (
24B1E4422B1ED1E200D9D1A8 /* Debug */,
24B1E4432B1ED1E200D9D1A8 /* Release */,
);
defaultConfigurationIsVisible = 0;
defaultConfigurationName = Release;
};
/* End XCConfigurationList section */
};
rootObject = 24B1E4002B1ED1E200D9D1A8 /* Project object */;
}
